{
	"name": "bm-thingworx-vscode",
	"version": "2.1.0",
	"lockfileVersion": 2,
	"requires": true,
	"packages": {
		"": {
			"name": "bm-thingworx-vscode",
			"version": "2.1.0",
			"license": "MIT",
			"devDependencies": {
				"@types/node": "^8.10.11",
				"bm-thing-cli": "^1.0.3"
			}
		},
		"../ThingCLI": {
			"name": "bm-thing-cli",
			"version": "1.0.1",
			"extraneous": true,
			"license": "MIT",
			"dependencies": {
				"adm-zip": "0.5.9",
				"bm-thing-transformer": "0.18.0-beta.1",
				"dotenv": "^16.0.0",
				"enquirer": "^2.3.6",
				"typescript": "4.5.5",
				"xml2js": "^0.4.23"
			},
			"bin": {
				"twc": "dist/index.js"
			},
			"devDependencies": {
				"@types/adm-zip": "0.4.34",
				"@types/node": "^17.0.17"
			}
		},
		"node_modules/@types/node": {
			"version": "8.10.52",
			"resolved": "https://registry.npmjs.org/@types/node/-/node-8.10.52.tgz",
			"integrity": "sha512-2RbW7WXeLex6RI+kQSxq6Ym0GiVcODeQ4Km7MnnTX5BHdOGQnqVa+s6AUmAW+OFYAJ8wv9QxvNZXm7/kBdGTVw==",
			"dev": true
		},
		"node_modules/adm-zip": {
			"version": "0.5.9",
			"resolved": "https://registry.npmjs.org/adm-zip/-/adm-zip-0.5.9.tgz",
			"integrity": "sha512-s+3fXLkeeLjZ2kLjCBwQufpI5fuN+kIGBxu6530nVQZGVol0d7Y/M88/xw9HGGUcJjKf8LutN3VPRUBq6N7Ajg==",
			"dev": true,
			"engines": {
				"node": ">=6.0"
			}
		},
		"node_modules/ansi-colors": {
			"version": "4.1.1",
			"resolved": "https://registry.npmjs.org/ansi-colors/-/ansi-colors-4.1.1.tgz",
			"integrity": "sha512-JoX0apGbHaUJBNl6yF+p6JAFYZ666/hhCGKN5t9QFjbJQKUU/g8MNbFDbvfrgKXvI1QpZplPOnwIo99lX/AAmA==",
			"dev": true,
			"engines": {
				"node": ">=6"
			}
		},
		"node_modules/bm-thing-cli": {
			"version": "1.0.3",
			"resolved": "https://registry.npmjs.org/bm-thing-cli/-/bm-thing-cli-1.0.3.tgz",
			"integrity": "sha512-lmf6Eu3PXicNxs1raTlY5syKSHJRiRbjusDvC2WEWMgqvTtxYZ2UywtHNJSwiQB2+W8Gqo4+URcYS0DwaFGnQg==",
			"dev": true,
			"dependencies": {
				"adm-zip": "0.5.9",
				"bm-thing-transformer": "0.20.0-beta.1",
				"dotenv": "^16.0.0",
				"enquirer": "^2.3.6",
				"typescript": "4.5.5",
				"xml2js": "^0.4.23"
			},
			"bin": {
				"twc": "dist/index.js"
			}
		},
		"node_modules/bm-thing-transformer": {
			"version": "0.20.0-beta.1",
			"resolved": "https://registry.npmjs.org/bm-thing-transformer/-/bm-thing-transformer-0.20.0-beta.1.tgz",
			"integrity": "sha512-AkLakfnvG09MbPC7ntE+iQB85iGf/klv/pNxrMxEm5KGHBAB2LYhM5c2Zy+BwWyCzwhls/3h25efQObkKRvqRA==",
			"dev": true,
			"dependencies": {
				"typescript": "4.5.5",
				"xml2js": "^0.4.23"
			}
		},
		"node_modules/dotenv": {
			"version": "16.0.0",
			"resolved": "https://registry.npmjs.org/dotenv/-/dotenv-16.0.0.tgz",
			"integrity": "sha512-qD9WU0MPM4SWLPJy/r2Be+2WgQj8plChsyrCNQzW/0WjvcJQiKQJ9mH3ZgB3fxbUUxgc/11ZJ0Fi5KiimWGz2Q==",
			"dev": true,
			"engines": {
				"node": ">=12"
			}
		},
		"node_modules/enquirer": {
			"version": "2.3.6",
			"resolved": "https://registry.npmjs.org/enquirer/-/enquirer-2.3.6.tgz",
			"integrity": "sha512-yjNnPr315/FjS4zIsUxYguYUPP2e1NK4d7E7ZOLiyYCcbFBiTMyID+2wvm2w6+pZ/odMA7cRkjhsPbltwBOrLg==",
			"dev": true,
			"dependencies": {
				"ansi-colors": "^4.1.1"
			},
			"engines": {
				"node": ">=8.6"
			}
		},
		"node_modules/sax": {
			"version": "1.2.4",
			"resolved": "https://registry.npmjs.org/sax/-/sax-1.2.4.tgz",
			"integrity": "sha512-NqVDv9TpANUjFm0N8uM5GxL36UgKi9/atZw+x7YFnQ8ckwFGKrl4xX4yWtrey3UJm5nP1kUbnYgLopqWNSRhWw==",
			"dev": true
		},
		"node_modules/typescript": {
			"version": "4.5.5",
			"resolved": "https://registry.npmjs.org/typescript/-/typescript-4.5.5.tgz",
			"integrity": "sha512-TCTIul70LyWe6IJWT8QSYeA54WQe8EjQFU4wY52Fasj5UKx88LNYKCgBEHcOMOrFF1rKGbD8v/xcNWVUq9SymA==",
			"dev": true,
			"bin": {
				"tsc": "bin/tsc",
				"tsserver": "bin/tsserver"
			},
			"engines": {
				"node": ">=4.2.0"
			}
		},
		"node_modules/xml2js": {
			"version": "0.4.23",
			"resolved": "https://registry.npmjs.org/xml2js/-/xml2js-0.4.23.tgz",
			"integrity": "sha512-ySPiMjM0+pLDftHgXY4By0uswI3SPKLDw/i3UXbnO8M/p28zqexCUoPmQFrYD+/1BzhGJSs2i1ERWKJAtiLrug==",
			"dev": true,
			"dependencies": {
				"sax": ">=0.6.0",
				"xmlbuilder": "~11.0.0"
			},
			"engines": {
				"node": ">=4.0.0"
			}
		},
		"node_modules/xmlbuilder": {
			"version": "11.0.1",
			"resolved": "https://registry.npmjs.org/xmlbuilder/-/xmlbuilder-11.0.1.tgz",
			"integrity": "sha512-fDlsI/kFEx7gLvbecc0/ohLG50fugQp8ryHzMTuW9vSa1GJ0XYWKnhsUx7oie3G98+r56aTQIUB4kht42R3JvA==",
			"dev": true,
			"engines": {
				"node": ">=4.0"
			}
		}
	},
	"dependencies": {
		"@types/node": {
			"version": "8.10.52",
			"resolved": "https://registry.npmjs.org/@types/node/-/node-8.10.52.tgz",
			"integrity": "sha512-2RbW7WXeLex6RI+kQSxq6Ym0GiVcODeQ4Km7MnnTX5BHdOGQnqVa+s6AUmAW+OFYAJ8wv9QxvNZXm7/kBdGTVw==",
			"dev": true
		},
		"adm-zip": {
			"version": "0.5.9",
			"resolved": "https://registry.npmjs.org/adm-zip/-/adm-zip-0.5.9.tgz",
			"integrity": "sha512-s+3fXLkeeLjZ2kLjCBwQufpI5fuN+kIGBxu6530nVQZGVol0d7Y/M88/xw9HGGUcJjKf8LutN3VPRUBq6N7Ajg==",
			"dev": true
		},
		"ansi-colors": {
			"version": "4.1.1",
			"resolved": "https://registry.npmjs.org/ansi-colors/-/ansi-colors-4.1.1.tgz",
			"integrity": "sha512-JoX0apGbHaUJBNl6yF+p6JAFYZ666/hhCGKN5t9QFjbJQKUU/g8MNbFDbvfrgKXvI1QpZplPOnwIo99lX/AAmA==",
			"dev": true
		},
		"bm-thing-cli": {
			"version": "1.0.3",
			"resolved": "https://registry.npmjs.org/bm-thing-cli/-/bm-thing-cli-1.0.3.tgz",
			"integrity": "sha512-lmf6Eu3PXicNxs1raTlY5syKSHJRiRbjusDvC2WEWMgqvTtxYZ2UywtHNJSwiQB2+W8Gqo4+URcYS0DwaFGnQg==",
			"dev": true,
			"requires": {
				"adm-zip": "0.5.9",
				"bm-thing-transformer": "0.20.0-beta.1",
				"dotenv": "^16.0.0",
				"enquirer": "^2.3.6",
				"typescript": "4.5.5",
				"xml2js": "^0.4.23"
			}
		},
		"bm-thing-transformer": {
			"version": "0.20.0-beta.1",
			"resolved": "https://registry.npmjs.org/bm-thing-transformer/-/bm-thing-transformer-0.20.0-beta.1.tgz",
			"integrity": "sha512-AkLakfnvG09MbPC7ntE+iQB85iGf/klv/pNxrMxEm5KGHBAB2LYhM5c2Zy+BwWyCzwhls/3h25efQObkKRvqRA==",
			"dev": true,
			"requires": {
				"typescript": "4.5.5",
				"xml2js": "^0.4.23"
			}
		},
		"dotenv": {
			"version": "16.0.0",
			"resolved": "https://registry.npmjs.org/dotenv/-/dotenv-16.0.0.tgz",
			"integrity": "sha512-qD9WU0MPM4SWLPJy/r2Be+2WgQj8plChsyrCNQzW/0WjvcJQiKQJ9mH3ZgB3fxbUUxgc/11ZJ0Fi5KiimWGz2Q==",
			"dev": true
		},
		"enquirer": {
			"version": "2.3.6",
			"resolved": "https://registry.npmjs.org/enquirer/-/enquirer-2.3.6.tgz",
			"integrity": "sha512-yjNnPr315/FjS4zIsUxYguYUPP2e1NK4d7E7ZOLiyYCcbFBiTMyID+2wvm2w6+pZ/odMA7cRkjhsPbltwBOrLg==",
			"dev": true,
			"requires": {
				"ansi-colors": "^4.1.1"
			}
		},
		"sax": {
			"version": "1.2.4",
			"resolved": "https://registry.npmjs.org/sax/-/sax-1.2.4.tgz",
			"integrity": "sha512-NqVDv9TpANUjFm0N8uM5GxL36UgKi9/atZw+x7YFnQ8ckwFGKrl4xX4yWtrey3UJm5nP1kUbnYgLopqWNSRhWw==",
			"dev": true
		},
		"typescript": {
			"version": "4.5.5",
			"resolved": "https://registry.npmjs.org/typescript/-/typescript-4.5.5.tgz",
			"integrity": "sha512-TCTIul70LyWe6IJWT8QSYeA54WQe8EjQFU4wY52Fasj5UKx88LNYKCgBEHcOMOrFF1rKGbD8v/xcNWVUq9SymA==",
			"dev": true
		},
		"xml2js": {
			"version": "0.4.23",
			"resolved": "https://registry.npmjs.org/xml2js/-/xml2js-0.4.23.tgz",
			"integrity": "sha512-ySPiMjM0+pLDftHgXY4By0uswI3SPKLDw/i3UXbnO8M/p28zqexCUoPmQFrYD+/1BzhGJSs2i1ERWKJAtiLrug==",
			"dev": true,
			"requires": {
				"sax": ">=0.6.0",
				"xmlbuilder": "~11.0.0"
			}
		},
		"xmlbuilder": {
			"version": "11.0.1",
			"resolved": "https://registry.npmjs.org/xmlbuilder/-/xmlbuilder-11.0.1.tgz",
			"integrity": "sha512-fDlsI/kFEx7gLvbecc0/ohLG50fugQp8ryHzMTuW9vSa1GJ0XYWKnhsUx7oie3G98+r56aTQIUB4kht42R3JvA==",
			"dev": true
		}
	}
}
