{
	"name": "bm-thingworx-vscode",
	"version": "3.0.1",
	"lockfileVersion": 2,
	"requires": true,
	"packages": {
		"": {
			"name": "bm-thingworx-vscode",
			"version": "3.0.1",
			"license": "MIT",
			"devDependencies": {
				"bm-thing-cli": "2.0.1"
			}
		},
		"../ThingCLI": {
			"name": "bm-thing-cli",
			"version": "1.0.1",
			"extraneous": true,
			"license": "MIT",
			"dependencies": {
				"adm-zip": "0.5.9",
				"bm-thing-transformer": "0.18.0-beta.1",
				"dotenv": "^16.0.0",
				"enquirer": "^2.3.6",
				"typescript": "4.5.5",
				"xml2js": "^0.4.23"
			},
			"bin": {
				"twc": "dist/index.js"
			},
			"devDependencies": {
				"@types/adm-zip": "0.4.34",
				"@types/node": "^17.0.17"
			}
		},
		"node_modules/adm-zip": {
			"version": "0.5.10",
			"resolved": "https://registry.npmjs.org/adm-zip/-/adm-zip-0.5.10.tgz",
			"integrity": "sha512-x0HvcHqVJNTPk/Bw8JbLWlWoo6Wwnsug0fnYYro1HBrjxZ3G7/AZk7Ahv8JwDe1uIcz8eBqvu86FuF1POiG7vQ==",
			"dev": true,
			"engines": {
				"node": ">=6.0"
			}
		},
		"node_modules/ansi-colors": {
			"version": "4.1.1",
			"resolved": "https://registry.npmjs.org/ansi-colors/-/ansi-colors-4.1.1.tgz",
			"integrity": "sha512-JoX0apGbHaUJBNl6yF+p6JAFYZ666/hhCGKN5t9QFjbJQKUU/g8MNbFDbvfrgKXvI1QpZplPOnwIo99lX/AAmA==",
			"dev": true,
			"engines": {
				"node": ">=6"
			}
		},
		"node_modules/bm-thing-cli": {
			"version": "2.0.1",
			"resolved": "https://registry.npmjs.org/bm-thing-cli/-/bm-thing-cli-2.0.1.tgz",
			"integrity": "sha512-Urmm0U7KI2rMSTlhnxFWJf3FgMIh+H59zU35P1TrTTtVW/qODUrQfcyo5kgpS7sWGqIfyrcSzHHefk65rL3Lqg==",
			"dev": true,
			"dependencies": {
				"adm-zip": "0.5.10",
				"bm-thing-transformer": "2.0.1",
				"dotenv": "^16.0.0",
				"enquirer": "^2.3.6",
				"typescript": "4.6.3",
				"xml2js": "^0.5.0"
			},
			"bin": {
				"twc": "dist/index.js"
			},
			"engines": {
				"node": ">=18.0.0"
			}
		},
		"node_modules/bm-thing-transformer": {
			"version": "2.0.1",
			"resolved": "https://registry.npmjs.org/bm-thing-transformer/-/bm-thing-transformer-2.0.1.tgz",
			"integrity": "sha512-6QNyOis/VIDq9zdHhEU3+ZfaSXRHxCw3NSOuyuoNLSzr3ozLZQO2uUxvLTdwYr5+kix0aY677OaoSfpkpNVKmQ==",
			"dev": true,
			"dependencies": {
				"typescript": "4.6.3",
				"typescriptwebpacksupport": "^2.3.1",
				"xml2js": "^0.5.0"
			}
		},
		"node_modules/dotenv": {
			"version": "16.0.0",
			"resolved": "https://registry.npmjs.org/dotenv/-/dotenv-16.0.0.tgz",
			"integrity": "sha512-qD9WU0MPM4SWLPJy/r2Be+2WgQj8plChsyrCNQzW/0WjvcJQiKQJ9mH3ZgB3fxbUUxgc/11ZJ0Fi5KiimWGz2Q==",
			"dev": true,
			"engines": {
				"node": ">=12"
			}
		},
		"node_modules/enquirer": {
			"version": "2.3.6",
			"resolved": "https://registry.npmjs.org/enquirer/-/enquirer-2.3.6.tgz",
			"integrity": "sha512-yjNnPr315/FjS4zIsUxYguYUPP2e1NK4d7E7ZOLiyYCcbFBiTMyID+2wvm2w6+pZ/odMA7cRkjhsPbltwBOrLg==",
			"dev": true,
			"dependencies": {
				"ansi-colors": "^4.1.1"
			},
			"engines": {
				"node": ">=8.6"
			}
		},
		"node_modules/sax": {
			"version": "1.3.0",
			"resolved": "https://registry.npmjs.org/sax/-/sax-1.3.0.tgz",
			"integrity": "sha512-0s+oAmw9zLl1V1cS9BtZN7JAd0cW5e0QH4W3LWEK6a4LaLEA2OTpGYWDY+6XasBLtz6wkm3u1xRw95mRuJ59WA==",
			"dev": true
		},
		"node_modules/typescript": {
			"version": "4.6.3",
			"resolved": "https://registry.npmjs.org/typescript/-/typescript-4.6.3.tgz",
			"integrity": "sha512-yNIatDa5iaofVozS/uQJEl3JRWLKKGJKh6Yaiv0GLGSuhpFJe7P3SbHZ8/yjAHRQwKRoA6YZqlfjXWmVzoVSMw==",
			"dev": true,
			"bin": {
				"tsc": "bin/tsc",
				"tsserver": "bin/tsserver"
			},
			"engines": {
				"node": ">=4.2.0"
			}
		},
		"node_modules/typescriptwebpacksupport": {
			"version": "2.4.0",
			"resolved": "https://registry.npmjs.org/typescriptwebpacksupport/-/typescriptwebpacksupport-2.4.0.tgz",
			"integrity": "sha512-2SlBwlBME6F7nm6NRodC/2LhXpNMQNEzyCuif3i8zs7bKmyXoVRQakXtpbUwHjgGZU4nmu7m83c0QisGbTmYoA==",
			"dev": true
		},
		"node_modules/xml2js": {
			"version": "0.5.0",
			"resolved": "https://registry.npmjs.org/xml2js/-/xml2js-0.5.0.tgz",
			"integrity": "sha512-drPFnkQJik/O+uPKpqSgr22mpuFHqKdbS835iAQrUC73L2F5WkboIRd63ai/2Yg6I1jzifPFKH2NTK+cfglkIA==",
			"dev": true,
			"dependencies": {
				"sax": ">=0.6.0",
				"xmlbuilder": "~11.0.0"
			},
			"engines": {
				"node": ">=4.0.0"
			}
		},
		"node_modules/xmlbuilder": {
			"version": "11.0.1",
			"resolved": "https://registry.npmjs.org/xmlbuilder/-/xmlbuilder-11.0.1.tgz",
			"integrity": "sha512-fDlsI/kFEx7gLvbecc0/ohLG50fugQp8ryHzMTuW9vSa1GJ0XYWKnhsUx7oie3G98+r56aTQIUB4kht42R3JvA==",
			"dev": true,
			"engines": {
				"node": ">=4.0"
			}
		}
	},
	"dependencies": {
		"adm-zip": {
			"version": "0.5.10",
			"resolved": "https://registry.npmjs.org/adm-zip/-/adm-zip-0.5.10.tgz",
			"integrity": "sha512-x0HvcHqVJNTPk/Bw8JbLWlWoo6Wwnsug0fnYYro1HBrjxZ3G7/AZk7Ahv8JwDe1uIcz8eBqvu86FuF1POiG7vQ==",
			"dev": true
		},
		"ansi-colors": {
			"version": "4.1.1",
			"resolved": "https://registry.npmjs.org/ansi-colors/-/ansi-colors-4.1.1.tgz",
			"integrity": "sha512-JoX0apGbHaUJBNl6yF+p6JAFYZ666/hhCGKN5t9QFjbJQKUU/g8MNbFDbvfrgKXvI1QpZplPOnwIo99lX/AAmA==",
			"dev": true
		},
		"bm-thing-cli": {
			"version": "2.0.1",
			"resolved": "https://registry.npmjs.org/bm-thing-cli/-/bm-thing-cli-2.0.1.tgz",
			"integrity": "sha512-Urmm0U7KI2rMSTlhnxFWJf3FgMIh+H59zU35P1TrTTtVW/qODUrQfcyo5kgpS7sWGqIfyrcSzHHefk65rL3Lqg==",
			"dev": true,
			"requires": {
				"adm-zip": "0.5.10",
				"bm-thing-transformer": "2.0.1",
				"dotenv": "^16.0.0",
				"enquirer": "^2.3.6",
				"typescript": "4.6.3",
				"xml2js": "^0.5.0"
			}
		},
		"bm-thing-transformer": {
			"version": "2.0.1",
			"resolved": "https://registry.npmjs.org/bm-thing-transformer/-/bm-thing-transformer-2.0.1.tgz",
			"integrity": "sha512-6QNyOis/VIDq9zdHhEU3+ZfaSXRHxCw3NSOuyuoNLSzr3ozLZQO2uUxvLTdwYr5+kix0aY677OaoSfpkpNVKmQ==",
			"dev": true,
			"requires": {
				"typescript": "4.6.3",
				"typescriptwebpacksupport": "^2.3.1",
				"xml2js": "^0.5.0"
			}
		},
		"dotenv": {
			"version": "16.0.0",
			"resolved": "https://registry.npmjs.org/dotenv/-/dotenv-16.0.0.tgz",
			"integrity": "sha512-qD9WU0MPM4SWLPJy/r2Be+2WgQj8plChsyrCNQzW/0WjvcJQiKQJ9mH3ZgB3fxbUUxgc/11ZJ0Fi5KiimWGz2Q==",
			"dev": true
		},
		"enquirer": {
			"version": "2.3.6",
			"resolved": "https://registry.npmjs.org/enquirer/-/enquirer-2.3.6.tgz",
			"integrity": "sha512-yjNnPr315/FjS4zIsUxYguYUPP2e1NK4d7E7ZOLiyYCcbFBiTMyID+2wvm2w6+pZ/odMA7cRkjhsPbltwBOrLg==",
			"dev": true,
			"requires": {
				"ansi-colors": "^4.1.1"
			}
		},
		"sax": {
			"version": "1.3.0",
			"resolved": "https://registry.npmjs.org/sax/-/sax-1.3.0.tgz",
			"integrity": "sha512-0s+oAmw9zLl1V1cS9BtZN7JAd0cW5e0QH4W3LWEK6a4LaLEA2OTpGYWDY+6XasBLtz6wkm3u1xRw95mRuJ59WA==",
			"dev": true
		},
		"typescript": {
			"version": "4.6.3",
			"resolved": "https://registry.npmjs.org/typescript/-/typescript-4.6.3.tgz",
			"integrity": "sha512-yNIatDa5iaofVozS/uQJEl3JRWLKKGJKh6Yaiv0GLGSuhpFJe7P3SbHZ8/yjAHRQwKRoA6YZqlfjXWmVzoVSMw==",
			"dev": true
		},
		"typescriptwebpacksupport": {
			"version": "2.4.0",
			"resolved": "https://registry.npmjs.org/typescriptwebpacksupport/-/typescriptwebpacksupport-2.4.0.tgz",
			"integrity": "sha512-2SlBwlBME6F7nm6NRodC/2LhXpNMQNEzyCuif3i8zs7bKmyXoVRQakXtpbUwHjgGZU4nmu7m83c0QisGbTmYoA==",
			"dev": true
		},
		"xml2js": {
			"version": "0.5.0",
			"resolved": "https://registry.npmjs.org/xml2js/-/xml2js-0.5.0.tgz",
			"integrity": "sha512-drPFnkQJik/O+uPKpqSgr22mpuFHqKdbS835iAQrUC73L2F5WkboIRd63ai/2Yg6I1jzifPFKH2NTK+cfglkIA==",
			"dev": true,
			"requires": {
				"sax": ">=0.6.0",
				"xmlbuilder": "~11.0.0"
			}
		},
		"xmlbuilder": {
			"version": "11.0.1",
			"resolved": "https://registry.npmjs.org/xmlbuilder/-/xmlbuilder-11.0.1.tgz",
			"integrity": "sha512-fDlsI/kFEx7gLvbecc0/ohLG50fugQp8ryHzMTuW9vSa1GJ0XYWKnhsUx7oie3G98+r56aTQIUB4kht42R3JvA==",
			"dev": true
		}
	}
}
